
Microsoft Visual Studio Solution File, Format Version 12.00
# Visual Studio Version 17
VisualStudioVersion = 17.4.33027.239
MinimumVisualStudioVersion = 10.0.40219.1
Project("{9A19103F-16F7-4668-BE54-9A1E7A4F7556}") = "AndroidDemo", "AndroidSIlkDemo\AndroidDemo.csproj", "{3A76266E-40C2-471B-838C-63AA41502532}"
EndProject
Global
	GlobalSection(SolutionConfigurationPlatforms) = preSolution
		Debug|Any CPU = Debug|Any CPU
		Debug|ARM64 = Debug|ARM64
		Release|Any CPU = Release|Any CPU
		Release|ARM64 = Release|ARM64
	EndGlobalSection
	GlobalSection(ProjectConfigurationPlatforms) = postSolution
		{3A76266E-40C2-471B-838C-63AA41502532}.Debug|Any CPU.ActiveCfg = Debug|Any CPU
		{3A76266E-40C2-471B-838C-63AA41502532}.Debug|Any CPU.Build.0 = Debug|Any CPU
		{3A76266E-40C2-471B-838C-63AA41502532}.Debug|Any CPU.Deploy.0 = Debug|Any CPU
		{3A76266E-40C2-471B-838C-63AA41502532}.Debug|ARM64.ActiveCfg = Debug|ARM64
		{3A76266E-40C2-471B-838C-63AA41502532}.Debug|ARM64.Build.0 = Debug|ARM64
		{3A76266E-40C2-471B-838C-63AA41502532}.Debug|ARM64.Deploy.0 = Debug|ARM64
		{3A76266E-40C2-471B-838C-63AA41502532}.Release|Any CPU.ActiveCfg = Release|Any CPU
		{3A76266E-40C2-471B-838C-63AA41502532}.Release|Any CPU.Build.0 = Release|Any CPU
		{3A76266E-40C2-471B-838C-63AA41502532}.Release|Any CPU.Deploy.0 = Release|Any CPU
		{3A76266E-40C2-471B-838C-63AA41502532}.Release|ARM64.ActiveCfg = Release|ARM64
		{3A76266E-40C2-471B-838C-63AA41502532}.Release|ARM64.Build.0 = Release|ARM64
		{3A76266E-40C2-471B-838C-63AA41502532}.Release|ARM64.Deploy.0 = Release|ARM64
	EndGlobalSection
	GlobalSection(SolutionProperties) = preSolution
		HideSolutionNode = FALSE
	EndGlobalSection
	GlobalSection(ExtensibilityGlobals) = postSolution
		SolutionGuid = {FDF7CC88-1F9D-43A1-AFBE-93B8AE1EBCDF}
	EndGlobalSection
EndGlobal
