
Microsoft Visual Studio Solution File, Format Version 12.00
# Visual Studio Version 17
VisualStudioVersion = 17.1.32127.271
MinimumVisualStudioVersion = 10.0.40219.1
Project("{9A19103F-16F7-4668-BE54-9A1E7A4F7556}") = "ConsoleAppGL", "ConsoleAppGL\ConsoleAppGL.csproj", "{79278890-9931-4553-B777-5318B4E931FC}"
	ProjectSection(ProjectDependencies) = postProject
		{CEE67DF4-69AB-449B-846C-0401D3DCA756} = {CEE67DF4-69AB-449B-846C-0401D3DCA756}
	EndProjectSection
EndProject
Project("{9A19103F-16F7-4668-BE54-9A1E7A4F7556}") = "CWindowsAppDX", "ConsoleAppDX\CWindowsAppDX.csproj", "{C8BC51E7-20FE-4E4B-8193-C886BC06691C}"
EndProject
Project("{9A19103F-16F7-4668-BE54-9A1E7A4F7556}") = "AndroidApp", "AndroidApp\AndroidApp.csproj", "{DCE90FD2-9EDF-4B6F-86BA-99B5F89848BE}"
EndProject
Project("{9A19103F-16F7-4668-BE54-9A1E7A4F7556}") = "IOSApp", "IOSApp\IOSApp.csproj", "{D52C5657-DE61-4CC4-B106-86F2F5517717}"
	ProjectSection(ProjectDependencies) = postProject
		{CEE67DF4-69AB-449B-846C-0401D3DCA756} = {CEE67DF4-69AB-449B-846C-0401D3DCA756}
	EndProjectSection
EndProject
Project("{9A19103F-16F7-4668-BE54-9A1E7A4F7556}") = "MGCore", "MGCore\MGCore.csproj", "{CEE67DF4-69AB-449B-846C-0401D3DCA756}"
EndProject
Global
	GlobalSection(SolutionConfigurationPlatforms) = preSolution
		Debug|Any CPU = Debug|Any CPU
		Release|Any CPU = Release|Any CPU
	EndGlobalSection
	GlobalSection(ProjectConfigurationPlatforms) = postSolution
		{79278890-9931-4553-B777-5318B4E931FC}.Debug|Any CPU.ActiveCfg = Debug|Any CPU
		{79278890-9931-4553-B777-5318B4E931FC}.Debug|Any CPU.Build.0 = Debug|Any CPU
		{79278890-9931-4553-B777-5318B4E931FC}.Release|Any CPU.ActiveCfg = Release|Any CPU
		{79278890-9931-4553-B777-5318B4E931FC}.Release|Any CPU.Build.0 = Release|Any CPU
		{C8BC51E7-20FE-4E4B-8193-C886BC06691C}.Debug|Any CPU.ActiveCfg = Debug|Any CPU
		{C8BC51E7-20FE-4E4B-8193-C886BC06691C}.Debug|Any CPU.Build.0 = Debug|Any CPU
		{C8BC51E7-20FE-4E4B-8193-C886BC06691C}.Release|Any CPU.ActiveCfg = Release|Any CPU
		{C8BC51E7-20FE-4E4B-8193-C886BC06691C}.Release|Any CPU.Build.0 = Release|Any CPU
		{DCE90FD2-9EDF-4B6F-86BA-99B5F89848BE}.Debug|Any CPU.ActiveCfg = Debug|ARM64
		{DCE90FD2-9EDF-4B6F-86BA-99B5F89848BE}.Debug|Any CPU.Build.0 = Debug|ARM64
		{DCE90FD2-9EDF-4B6F-86BA-99B5F89848BE}.Debug|Any CPU.Deploy.0 = Debug|ARM64
		{DCE90FD2-9EDF-4B6F-86BA-99B5F89848BE}.Release|Any CPU.ActiveCfg = Release|ARM64
		{DCE90FD2-9EDF-4B6F-86BA-99B5F89848BE}.Release|Any CPU.Build.0 = Release|ARM64
		{DCE90FD2-9EDF-4B6F-86BA-99B5F89848BE}.Release|Any CPU.Deploy.0 = Release|ARM64
		{D52C5657-DE61-4CC4-B106-86F2F5517717}.Debug|Any CPU.ActiveCfg = Debug|ARM64
		{D52C5657-DE61-4CC4-B106-86F2F5517717}.Release|Any CPU.ActiveCfg = Release|ARM64
		{CEE67DF4-69AB-449B-846C-0401D3DCA756}.Debug|Any CPU.ActiveCfg = Debug|Any CPU
		{CEE67DF4-69AB-449B-846C-0401D3DCA756}.Debug|Any CPU.Build.0 = Debug|Any CPU
		{CEE67DF4-69AB-449B-846C-0401D3DCA756}.Release|Any CPU.ActiveCfg = Release|Any CPU
		{CEE67DF4-69AB-449B-846C-0401D3DCA756}.Release|Any CPU.Build.0 = Release|Any CPU
	EndGlobalSection
	GlobalSection(SolutionProperties) = preSolution
		HideSolutionNode = FALSE
	EndGlobalSection
	GlobalSection(ExtensibilityGlobals) = postSolution
		SolutionGuid = {CACDA8EC-3E94-4D77-B24E-1C5BA9290B69}
	EndGlobalSection
EndGlobal
